// !$*UTF8*$!
{
	archiveVersion = 1;
	classes = {
	};
	objectVersion = 50;
	objects = {

/* Begin PBXBuildFile section */
		E5456F5995D74A46853A7112 /* libPods-AccountingAPP.a in Frameworks */ = {isa = PBXBuildFile; fileRef = 7A1230D7F26C9CAD4EDC221F /* libPods-AccountingAPP.a */; };
		EB52105721CA22C00089B04D /* AccountTableViewCell.m in Sources */ = {isa = PBXBuildFile; fileRef = EB52105521CA22C00089B04D /* AccountTableViewCell.m */; };
		EB52105821CA22C00089B04D /* AccountTableViewCell.xib in Resources */ = {isa = PBXBuildFile; fileRef = EB52105621CA22C00089B04D /* AccountTableViewCell.xib */; };
		EB52105D21CA2F270089B04D /* ImageManager.m in Sources */ = {isa = PBXBuildFile; fileRef = EB52105C21CA2F270089B04D /* ImageManager.m */; };
		EB5964AD21C8965300003DED /* NewRecordViewController.m in Sources */ = {isa = PBXBuildFile; fileRef = EB5964AB21C8965300003DED /* NewRecordViewController.m */; };
		EB5964AE21C8965300003DED /* NewRecordViewController.xib in Resources */ = {isa = PBXBuildFile; fileRef = EB5964AC21C8965300003DED /* NewRecordViewController.xib */; };
		EB5964B221C8C47F00003DED /* DateTimeManager.m in Sources */ = {isa = PBXBuildFile; fileRef = EB5964B121C8C47F00003DED /* DateTimeManager.m */; };
		EB5E7F5921C780E600CC2642 /* AccountHomeViewController.m in Sources */ = {isa = PBXBuildFile; fileRef = EB5E7F5821C780E600CC2642 /* AccountHomeViewController.m */; };
		EB5EC34F21B8FDC50078A6AF /* AppDelegate.m in Sources */ = {isa = PBXBuildFile; fileRef = EB5EC34E21B8FDC50078A6AF /* AppDelegate.m */; };
		EB5EC35221B8FDC50078A6AF /* ViewController.m in Sources */ = {isa = PBXBuildFile; fileRef = EB5EC35121B8FDC50078A6AF /* ViewController.m */; };
		EB5EC35521B8FDC50078A6AF /* Main.storyboard in Resources */ = {isa = PBXBuildFile; fileRef = EB5EC35321B8FDC50078A6AF /* Main.storyboard */; };
		EB5EC35721B8FDCB0078A6AF /* Assets.xcassets in Resources */ = {isa = PBXBuildFile; fileRef = EB5EC35621B8FDCB0078A6AF /* Assets.xcassets */; };
		EB5EC35A21B8FDCB0078A6AF /* LaunchScreen.storyboard in Resources */ = {isa = PBXBuildFile; fileRef = EB5EC35821B8FDCB0078A6AF /* LaunchScreen.storyboard */; };
		EB5EC35D21B8FDCB0078A6AF /* main.m in Sources */ = {isa = PBXBuildFile; fileRef = EB5EC35C21B8FDCB0078A6AF /* main.m */; };
		EB87741E21C78647002F90C7 /* MounthRecrodViewContrloller.m in Sources */ = {isa = PBXBuildFile; fileRef = EB87741D21C78647002F90C7 /* MounthRecrodViewContrloller.m */; };
		EB87742321C792D9002F90C7 /* accountModel.m in Sources */ = {isa = PBXBuildFile; fileRef = EB87742221C792D9002F90C7 /* accountModel.m */; };
		EB9A9CA621C8F1AC001DCC08 /* StringValue.m in Sources */ = {isa = PBXBuildFile; fileRef = EB9A9CA521C8F1AC001DCC08 /* StringValue.m */; };
		EBD08C2421D12D7D003A1DB5 /* barPreviewingViewController.m in Sources */ = {isa = PBXBuildFile; fileRef = EBD08C2221D12D7D003A1DB5 /* barPreviewingViewController.m */; };
		EBD08C2521D12D7D003A1DB5 /* barPreviewingViewController.xib in Resources */ = {isa = PBXBuildFile; fileRef = EBD08C2321D12D7D003A1DB5 /* barPreviewingViewController.xib */; };
		EBDAAE0621C4EB0600CD2379 /* myIntroView.m in Sources */ = {isa = PBXBuildFile; fileRef = EBDAAE0521C4EB0600CD2379 /* myIntroView.m */; };
/* End PBXBuildFile section */

/* Begin PBXFileReference section */
		216907DA3ACFCEF977D9EC34 /* Pods-AccountingAPP.debug.xcconfig */ = {isa = PBXFileReference; includeInIndex = 1; lastKnownFileType = text.xcconfig; name = "Pods-AccountingAPP.debug.xcconfig"; path = "Pods/Target Support Files/Pods-AccountingAPP/Pods-AccountingAPP.debug.xcconfig"; sourceTree = "<group>"; };
		7A1230D7F26C9CAD4EDC221F /* libPods-AccountingAPP.a */ = {isa = PBXFileReference; explicitFileType = archive.ar; includeInIndex = 0; path = "libPods-AccountingAPP.a"; sourceTree = BUILT_PRODUCTS_DIR; };
		C7919FAF3F5119A43B6F1DB8 /* Pods-AccountingAPP.release.xcconfig */ = {isa = PBXFileReference; includeInIndex = 1; lastKnownFileType = text.xcconfig; name = "Pods-AccountingAPP.release.xcconfig"; path = "Pods/Target Support Files/Pods-AccountingAPP/Pods-AccountingAPP.release.xcconfig"; sourceTree = "<group>"; };
		EB52105421CA22C00089B04D /* AccountTableViewCell.h */ = {isa = PBXFileReference; lastKnownFileType = sourcecode.c.h; path = AccountTableViewCell.h; sourceTree = "<group>"; };
		EB52105521CA22C00089B04D /* AccountTableViewCell.m */ = {isa = PBXFileReference; lastKnownFileType = sourcecode.c.objc; path = AccountTableViewCell.m; sourceTree = "<group>"; };
		EB52105621CA22C00089B04D /* AccountTableViewCell.xib */ = {isa = PBXFileReference; lastKnownFileType = file.xib; path = AccountTableViewCell.xib; sourceTree = "<group>"; };
		EB52105B21CA2F270089B04D /* ImageManager.h */ = {isa = PBXFileReference; lastKnownFileType = sourcecode.c.h; path = ImageManager.h; sourceTree = "<group>"; };
		EB52105C21CA2F270089B04D /* ImageManager.m */ = {isa = PBXFileReference; lastKnownFileType = sourcecode.c.objc; path = ImageManager.m; sourceTree = "<group>"; };
		EB5964AA21C8965300003DED /* NewRecordViewController.h */ = {isa = PBXFileReference; lastKnownFileType = sourcecode.c.h; path = NewRecordViewController.h; sourceTree = "<group>"; };
		EB5964AB21C8965300003DED /* NewRecordViewController.m */ = {isa = PBXFileReference; lastKnownFileType = sourcecode.c.objc; path = NewRecordViewController.m; sourceTree = "<group>"; };
		EB5964AC21C8965300003DED /* NewRecordViewController.xib */ = {isa = PBXFileReference; lastKnownFileType = file.xib; path = NewRecordViewController.xib; sourceTree = "<group>"; };
		EB5964B021C8C47F00003DED /* DateTimeManager.h */ = {isa = PBXFileReference; lastKnownFileType = sourcecode.c.h; path = DateTimeManager.h; sourceTree = "<group>"; };
		EB5964B121C8C47F00003DED /* DateTimeManager.m */ = {isa = PBXFileReference; lastKnownFileType = sourcecode.c.objc; path = DateTimeManager.m; sourceTree = "<group>"; };
		EB5E7F5721C780E600CC2642 /* AccountHomeViewController.h */ = {isa = PBXFileReference; lastKnownFileType = sourcecode.c.h; path = AccountHomeViewController.h; sourceTree = "<group>"; };
		EB5E7F5821C780E600CC2642 /* AccountHomeViewController.m */ = {isa = PBXFileReference; lastKnownFileType = sourcecode.c.objc; path = AccountHomeViewController.m; sourceTree = "<group>"; };
		EB5EC34A21B8FDC50078A6AF /* AccountingAPP.app */ = {isa = PBXFileReference; explicitFileType = wrapper.application; includeInIndex = 0; path = AccountingAPP.app; sourceTree = BUILT_PRODUCTS_DIR; };
		EB5EC34D21B8FDC50078A6AF /* AppDelegate.h */ = {isa = PBXFileReference; lastKnownFileType = sourcecode.c.h; path = AppDelegate.h; sourceTree = "<group>"; };
		EB5EC34E21B8FDC50078A6AF /* AppDelegate.m */ = {isa = PBXFileReference; lastKnownFileType = sourcecode.c.objc; path = AppDelegate.m; sourceTree = "<group>"; };
		EB5EC35021B8FDC50078A6AF /* ViewController.h */ = {isa = PBXFileReference; lastKnownFileType = sourcecode.c.h; path = ViewController.h; sourceTree = "<group>"; };
		EB5EC35121B8FDC50078A6AF /* ViewController.m */ = {isa = PBXFileReference; lastKnownFileType = sourcecode.c.objc; path = ViewController.m; sourceTree = "<group>"; };
		EB5EC35421B8FDC50078A6AF /* Base */ = {isa = PBXFileReference; lastKnownFileType = file.storyboard; name = Base; path = Base.lproj/Main.storyboard; sourceTree = "<group>"; };
		EB5EC35621B8FDCB0078A6AF /* Assets.xcassets */ = {isa = PBXFileReference; lastKnownFileType = folder.assetcatalog; path = Assets.xcassets; sourceTree = "<group>"; };
		EB5EC35921B8FDCB0078A6AF /* Base */ = {isa = PBXFileReference; lastKnownFileType = file.storyboard; name = Base; path = Base.lproj/LaunchScreen.storyboard; sourceTree = "<group>"; };
		EB5EC35B21B8FDCB0078A6AF /* Info.plist */ = {isa = PBXFileReference; lastKnownFileType = text.plist.xml; path = Info.plist; sourceTree = "<group>"; };
		EB5EC35C21B8FDCB0078A6AF /* main.m */ = {isa = PBXFileReference; lastKnownFileType = sourcecode.c.objc; path = main.m; sourceTree = "<group>"; };
		EB87741C21C78647002F90C7 /* MounthRecrodViewContrloller.h */ = {isa = PBXFileReference; lastKnownFileType = sourcecode.c.h; path = MounthRecrodViewContrloller.h; sourceTree = "<group>"; };
		EB87741D21C78647002F90C7 /* MounthRecrodViewContrloller.m */ = {isa = PBXFileReference; lastKnownFileType = sourcecode.c.objc; path = MounthRecrodViewContrloller.m; sourceTree = "<group>"; };
		EB87742121C792D9002F90C7 /* accountModel.h */ = {isa = PBXFileReference; lastKnownFileType = sourcecode.c.h; path = accountModel.h; sourceTree = "<group>"; };
		EB87742221C792D9002F90C7 /* accountModel.m */ = {isa = PBXFileReference; lastKnownFileType = sourcecode.c.objc; path = accountModel.m; sourceTree = "<group>"; };
		EB9A9CA421C8F1AC001DCC08 /* StringValue.h */ = {isa = PBXFileReference; lastKnownFileType = sourcecode.c.h; path = StringValue.h; sourceTree = "<group>"; };
		EB9A9CA521C8F1AC001DCC08 /* StringValue.m */ = {isa = PBXFileReference; lastKnownFileType = sourcecode.c.objc; path = StringValue.m; sourceTree = "<group>"; };
		EB9A9CA921C8F6B6001DCC08 /* PrefixHeader.pch */ = {isa = PBXFileReference; lastKnownFileType = sourcecode.c.h; path = PrefixHeader.pch; sourceTree = SOURCE_ROOT; };
		EBD08C2121D12D7D003A1DB5 /* barPreviewingViewController.h */ = {isa = PBXFileReference; lastKnownFileType = sourcecode.c.h; path = barPreviewingViewController.h; sourceTree = "<group>"; };
		EBD08C2221D12D7D003A1DB5 /* barPreviewingViewController.m */ = {isa = PBXFileReference; lastKnownFileType = sourcecode.c.objc; path = barPreviewingViewController.m; sourceTree = "<group>"; };
		EBD08C2321D12D7D003A1DB5 /* barPreviewingViewController.xib */ = {isa = PBXFileReference; lastKnownFileType = file.xib; path = barPreviewingViewController.xib; sourceTree = "<group>"; };
		EBDAAE0421C4EB0600CD2379 /* myIntroView.h */ = {isa = PBXFileReference; lastKnownFileType = sourcecode.c.h; path = myIntroView.h; sourceTree = "<group>"; };
		EBDAAE0521C4EB0600CD2379 /* myIntroView.m */ = {isa = PBXFileReference; lastKnownFileType = sourcecode.c.objc; path = myIntroView.m; sourceTree = "<group>"; };
/* End PBXFileReference section */

/* Begin PBXFrameworksBuildPhase section */
		EB5EC34721B8FDC50078A6AF /* Frameworks */ = {
			isa = PBXFrameworksBuildPhase;
			buildActionMask = 2147483647;
			files = (
				E5456F5995D74A46853A7112 /* libPods-AccountingAPP.a in Frameworks */,
			);
			runOnlyForDeploymentPostprocessing = 0;
		};
/* End PBXFrameworksBuildPhase section */

/* Begin PBXGroup section */
		0D3D1E208DB560B821579AB2 /* Frameworks */ = {
			isa = PBXGroup;
			children = (
				7A1230D7F26C9CAD4EDC221F /* libPods-AccountingAPP.a */,
			);
			name = Frameworks;
			sourceTree = "<group>";
		};
		32BB2C143115542AB77EDE05 /* Pods */ = {
			isa = PBXGroup;
			children = (
				216907DA3ACFCEF977D9EC34 /* Pods-AccountingAPP.debug.xcconfig */,
				C7919FAF3F5119A43B6F1DB8 /* Pods-AccountingAPP.release.xcconfig */,
			);
			name = Pods;
			sourceTree = "<group>";
		};
		EB52105221CA22790089B04D /* UITableViewCell */ = {
			isa = PBXGroup;
			children = (
				EB52105321CA22930089B04D /* AccountTableViewCell */,
			);
			path = UITableViewCell;
			sourceTree = "<group>";
		};
		EB52105321CA22930089B04D /* AccountTableViewCell */ = {
			isa = PBXGroup;
			children = (
				EB52105421CA22C00089B04D /* AccountTableViewCell.h */,
				EB52105521CA22C00089B04D /* AccountTableViewCell.m */,
				EB52105621CA22C00089B04D /* AccountTableViewCell.xib */,
			);
			path = AccountTableViewCell;
			sourceTree = "<group>";
		};
		EB52105921CA2ED50089B04D /* ImageManager */ = {
			isa = PBXGroup;
			children = (
				EB52105B21CA2F270089B04D /* ImageManager.h */,
				EB52105C21CA2F270089B04D /* ImageManager.m */,
			);
			path = ImageManager;
			sourceTree = "<group>";
		};
		EB52105A21CA2EF60089B04D /* Manager */ = {
			isa = PBXGroup;
			children = (
				EB5964AF21C8C46400003DED /* DateTimeManager */,
				EB52105921CA2ED50089B04D /* ImageManager */,
			);
			path = Manager;
			sourceTree = "<group>";
		};
		EB5964A921C8961700003DED /* NewRecordViewController */ = {
			isa = PBXGroup;
			children = (
				EB5964AA21C8965300003DED /* NewRecordViewController.h */,
				EB5964AB21C8965300003DED /* NewRecordViewController.m */,
				EB5964AC21C8965300003DED /* NewRecordViewController.xib */,
			);
			path = NewRecordViewController;
			sourceTree = "<group>";
		};
		EB5964AF21C8C46400003DED /* DateTimeManager */ = {
			isa = PBXGroup;
			children = (
				EB5964B021C8C47F00003DED /* DateTimeManager.h */,
				EB5964B121C8C47F00003DED /* DateTimeManager.m */,
			);
			path = DateTimeManager;
			sourceTree = "<group>";
		};
		EB5E7F5621C780AA00CC2642 /* AccountHomeViewController */ = {
			isa = PBXGroup;
			children = (
				EB5E7F5721C780E600CC2642 /* AccountHomeViewController.h */,
				EB5E7F5821C780E600CC2642 /* AccountHomeViewController.m */,
			);
			path = AccountHomeViewController;
			sourceTree = "<group>";
		};
		EB5EC34121B8FDC50078A6AF = {
			isa = PBXGroup;
			children = (
				EB5EC34C21B8FDC50078A6AF /* AccountingAPP */,
				EB5EC34B21B8FDC50078A6AF /* Products */,
				32BB2C143115542AB77EDE05 /* Pods */,
				0D3D1E208DB560B821579AB2 /* Frameworks */,
			);
			sourceTree = "<group>";
		};
		EB5EC34B21B8FDC50078A6AF /* Products */ = {
			isa = PBXGroup;
			children = (
				EB5EC34A21B8FDC50078A6AF /* AccountingAPP.app */,
			);
			name = Products;
			sourceTree = "<group>";
		};
		EB5EC34C21B8FDC50078A6AF /* AccountingAPP */ = {
			isa = PBXGroup;
			children = (
				EB5EC35C21B8FDCB0078A6AF /* main.m */,
				EB52105A21CA2EF60089B04D /* Manager */,
				EBDAAE0321C4EAC800CD2379 /* introView */,
				EB87741F21C7929B002F90C7 /* realmModel */,
				EB52105221CA22790089B04D /* UITableViewCell */,
				EB5964A921C8961700003DED /* NewRecordViewController */,
				EB87741B21C78606002F90C7 /* MounthRecrodViewContrloller */,
				EB5E7F5621C780AA00CC2642 /* AccountHomeViewController */,
				EB5EC34D21B8FDC50078A6AF /* AppDelegate.h */,
				EB5EC34E21B8FDC50078A6AF /* AppDelegate.m */,
				EB5EC35021B8FDC50078A6AF /* ViewController.h */,
				EB5EC35121B8FDC50078A6AF /* ViewController.m */,
				EB5EC35321B8FDC50078A6AF /* Main.storyboard */,
				EB5EC35621B8FDCB0078A6AF /* Assets.xcassets */,
				EB5EC35821B8FDCB0078A6AF /* LaunchScreen.storyboard */,
				EB9A9CA921C8F6B6001DCC08 /* PrefixHeader.pch */,
				EB9A9CA421C8F1AC001DCC08 /* StringValue.h */,
				EB9A9CA521C8F1AC001DCC08 /* StringValue.m */,
				EB5EC35B21B8FDCB0078A6AF /* Info.plist */,
			);
			path = AccountingAPP;
			sourceTree = "<group>";
		};
		EB87741B21C78606002F90C7 /* MounthRecrodViewContrloller */ = {
			isa = PBXGroup;
			children = (
				EBD08C2021D12D41003A1DB5 /* barPreviewingViewController */,
				EB87741C21C78647002F90C7 /* MounthRecrodViewContrloller.h */,
				EB87741D21C78647002F90C7 /* MounthRecrodViewContrloller.m */,
			);
			path = MounthRecrodViewContrloller;
			sourceTree = "<group>";
		};
		EB87741F21C7929B002F90C7 /* realmModel */ = {
			isa = PBXGroup;
			children = (
				EB87742021C792AC002F90C7 /* accountModel */,
			);
			path = realmModel;
			sourceTree = "<group>";
		};
		EB87742021C792AC002F90C7 /* accountModel */ = {
			isa = PBXGroup;
			children = (
				EB87742121C792D9002F90C7 /* accountModel.h */,
				EB87742221C792D9002F90C7 /* accountModel.m */,
			);
			path = accountModel;
			sourceTree = "<group>";
		};
		EBD08C2021D12D41003A1DB5 /* barPreviewingViewController */ = {
			isa = PBXGroup;
			children = (
				EBD08C2121D12D7D003A1DB5 /* barPreviewingViewController.h */,
				EBD08C2221D12D7D003A1DB5 /* barPreviewingViewController.m */,
				EBD08C2321D12D7D003A1DB5 /* barPreviewingViewController.xib */,
			);
			path = barPreviewingViewController;
			sourceTree = "<group>";
		};
		EBDAAE0321C4EAC800CD2379 /* introView */ = {
			isa = PBXGroup;
			children = (
				EBDAAE0421C4EB0600CD2379 /* myIntroView.h */,
				EBDAAE0521C4EB0600CD2379 /* myIntroView.m */,
			);
			path = introView;
			sourceTree = "<group>";
		};
/* End PBXGroup section */

/* Begin PBXNativeTarget section */
		EB5EC34921B8FDC50078A6AF /* AccountingAPP */ = {
			isa = PBXNativeTarget;
			buildConfigurationList = EB5EC36021B8FDCB0078A6AF /* Build configuration list for PBXNativeTarget "AccountingAPP" */;
			buildPhases = (
				14754C1BD7404B2F0704DFCA /* [CP] Check Pods Manifest.lock */,
				EB5EC34621B8FDC50078A6AF /* Sources */,
				EB5EC34721B8FDC50078A6AF /* Frameworks */,
				EB5EC34821B8FDC50078A6AF /* Resources */,
			);
			buildRules = (
			);
			dependencies = (
			);
			name = AccountingAPP;
			productName = AccountingAPP;
			productReference = EB5EC34A21B8FDC50078A6AF /* AccountingAPP.app */;
			productType = "com.apple.product-type.application";
		};
/* End PBXNativeTarget section */

/* Begin PBXProject section */
		EB5EC34221B8FDC50078A6AF /* Project object */ = {
			isa = PBXProject;
			attributes = {
				LastUpgradeCheck = 1010;
				ORGANIZATIONNAME = "張力元";
				TargetAttributes = {
					EB5EC34921B8FDC50078A6AF = {
						CreatedOnToolsVersion = 10.1;
					};
				};
			};
			buildConfigurationList = EB5EC34521B8FDC50078A6AF /* Build configuration list for PBXProject "AccountingAPP" */;
			compatibilityVersion = "Xcode 9.3";
			developmentRegion = en;
			hasScannedForEncodings = 0;
			knownRegions = (
				en,
				Base,
			);
			mainGroup = EB5EC34121B8FDC50078A6AF;
			productRefGroup = EB5EC34B21B8FDC50078A6AF /* Products */;
			projectDirPath = "";
			projectRoot = "";
			targets = (
				EB5EC34921B8FDC50078A6AF /* AccountingAPP */,
			);
		};
/* End PBXProject section */

/* Begin PBXResourcesBuildPhase section */
		EB5EC34821B8FDC50078A6AF /* Resources */ = {
			isa = PBXResourcesBuildPhase;
			buildActionMask = 2147483647;
			files = (
				EB5964AE21C8965300003DED /* NewRecordViewController.xib in Resources */,
				EB52105821CA22C00089B04D /* AccountTableViewCell.xib in Resources */,
				EB5EC35A21B8FDCB0078A6AF /* LaunchScreen.storyboard in Resources */,
				EB5EC35721B8FDCB0078A6AF /* Assets.xcassets in Resources */,
				EB5EC35521B8FDC50078A6AF /* Main.storyboard in Resources */,
				EBD08C2521D12D7D003A1DB5 /* barPreviewingViewController.xib in Resources */,
			);
			runOnlyForDeploymentPostprocessing = 0;
		};
/* End PBXResourcesBuildPhase section */

/* Begin PBXShellScriptBuildPhase section */
		14754C1BD7404B2F0704DFCA /* [CP] Check Pods Manifest.lock */ = {
			isa = PBXShellScriptBuildPhase;
			buildActionMask = 2147483647;
			files = (
			);
			inputPaths = (
				"${PODS_PODFILE_DIR_PATH}/Podfile.lock",
				"${PODS_ROOT}/Manifest.lock",
			);
			name = "[CP] Check Pods Manifest.lock";
			outputPaths = (
				"$(DERIVED_FILE_DIR)/Pods-AccountingAPP-checkManifestLockResult.txt",
			);
			runOnlyForDeploymentPostprocessing = 0;
			shellPath = /bin/sh;
			shellScript = "diff \"${PODS_PODFILE_DIR_PATH}/Podfile.lock\" \"${PODS_ROOT}/Manifest.lock\" > /dev/null\nif [ $? != 0 ] ; then\n    # print error to STDERR\n    echo \"error: The sandbox is not in sync with the Podfile.lock. Run 'pod install' or update your CocoaPods installation.\" >&2\n    exit 1\nfi\n# This output is used by Xcode 'outputs' to avoid re-running this script phase.\necho \"SUCCESS\" > \"${SCRIPT_OUTPUT_FILE_0}\"\n";
			showEnvVarsInLog = 0;
		};
/* End PBXShellScriptBuildPhase section */

/* Begin PBXSourcesBuildPhase section */
		EB5EC34621B8FDC50078A6AF /* Sources */ = {
			isa = PBXSourcesBuildPhase;
			buildActionMask = 2147483647;
			files = (
				EB5EC35221B8FDC50078A6AF /* ViewController.m in Sources */,
				EB5E7F5921C780E600CC2642 /* AccountHomeViewController.m in Sources */,
				EBDAAE0621C4EB0600CD2379 /* myIntroView.m in Sources */,
				EB52105D21CA2F270089B04D /* ImageManager.m in Sources */,
				EB5964B221C8C47F00003DED /* DateTimeManager.m in Sources */,
				EB5EC35D21B8FDCB0078A6AF /* main.m in Sources */,
				EB5964AD21C8965300003DED /* NewRecordViewController.m in Sources */,
				EB52105721CA22C00089B04D /* AccountTableViewCell.m in Sources */,
				EB87742321C792D9002F90C7 /* accountModel.m in Sources */,
				EBD08C2421D12D7D003A1DB5 /* barPreviewingViewController.m in Sources */,
				EB5EC34F21B8FDC50078A6AF /* AppDelegate.m in Sources */,
				EB9A9CA621C8F1AC001DCC08 /* StringValue.m in Sources */,
				EB87741E21C78647002F90C7 /* MounthRecrodViewContrloller.m in Sources */,
			);
			runOnlyForDeploymentPostprocessing = 0;
		};
/* End PBXSourcesBuildPhase section */

/* Begin PBXVariantGroup section */
		EB5EC35321B8FDC50078A6AF /* Main.storyboard */ = {
			isa = PBXVariantGroup;
			children = (
				EB5EC35421B8FDC50078A6AF /* Base */,
			);
			name = Main.storyboard;
			sourceTree = "<group>";
		};
		EB5EC35821B8FDCB0078A6AF /* LaunchScreen.storyboard */ = {
			isa = PBXVariantGroup;
			children = (
				EB5EC35921B8FDCB0078A6AF /* Base */,
			);
			name = LaunchScreen.storyboard;
			sourceTree = "<group>";
		};
/* End PBXVariantGroup section */

/* Begin XCBuildConfiguration section */
		EB5EC35E21B8FDCB0078A6AF /* Debug */ = {
			isa = XCBuildConfiguration;
			buildSettings = {
				ALWAYS_EMBED_SWIFT_STANDARD_LIBRARIES = YES;
				ALWAYS_SEARCH_USER_PATHS = NO;
				CLANG_ANALYZER_NONNULL = YES;
				CLANG_ANALYZER_NUMBER_OBJECT_CONVERSION = YES_AGGRESSIVE;
				CLANG_CXX_LANGUAGE_STANDARD = "gnu++14";
				CLANG_CXX_LIBRARY = "libc++";
				CLANG_ENABLE_MODULES = YES;
				CLANG_ENABLE_OBJC_ARC = YES;
				CLANG_ENABLE_OBJC_WEAK = YES;
				CLANG_WARN_BLOCK_CAPTURE_AUTORELEASING = YES;
				CLANG_WARN_BOOL_CONVERSION = YES;
				CLANG_WARN_COMMA = YES;
				CLANG_WARN_CONSTANT_CONVERSION = YES;
				CLANG_WARN_DEPRECATED_OBJC_IMPLEMENTATIONS = YES;
				CLANG_WARN_DIRECT_OBJC_ISA_USAGE = YES_ERROR;
				CLANG_WARN_DOCUMENTATION_COMMENTS = YES;
				CLANG_WARN_EMPTY_BODY = YES;
				CLANG_WARN_ENUM_CONVERSION = YES;
				CLANG_WARN_INFINITE_RECURSION = YES;
				CLANG_WARN_INT_CONVERSION = YES;
				CLANG_WARN_NON_LITERAL_NULL_CONVERSION = YES;
				CLANG_WARN_OBJC_IMPLICIT_RETAIN_SELF = YES;
				CLANG_WARN_OBJC_LITERAL_CONVERSION = YES;
				CLANG_WARN_OBJC_ROOT_CLASS = YES_ERROR;
				CLANG_WARN_RANGE_LOOP_ANALYSIS = YES;
				CLANG_WARN_STRICT_PROTOTYPES = YES;
				CLANG_WARN_SUSPICIOUS_MOVE = YES;
				CLANG_WARN_UNGUARDED_AVAILABILITY = YES_AGGRESSIVE;
				CLANG_WARN_UNREACHABLE_CODE = YES;
				CLANG_WARN__DUPLICATE_METHOD_MATCH = YES;
				CODE_SIGN_IDENTITY = "iPhone Developer";
				COPY_PHASE_STRIP = NO;
				DEBUG_INFORMATION_FORMAT = dwarf;
				ENABLE_BITCODE = NO;
				ENABLE_STRICT_OBJC_MSGSEND = YES;
				ENABLE_TESTABILITY = YES;
				GCC_C_LANGUAGE_STANDARD = gnu11;
				GCC_DYNAMIC_NO_PIC = NO;
				GCC_NO_COMMON_BLOCKS = YES;
				GCC_OPTIMIZATION_LEVEL = 0;
				GCC_PREPROCESSOR_DEFINITIONS = (
					"DEBUG=1",
					"$(inherited)",
				);
				GCC_WARN_64_TO_32_BIT_CONVERSION = YES;
				GCC_WARN_ABOUT_RETURN_TYPE = YES_ERROR;
				GCC_WARN_UNDECLARED_SELECTOR = YES;
				GCC_WARN_UNINITIALIZED_AUTOS = YES_AGGRESSIVE;
				GCC_WARN_UNUSED_FUNCTION = YES;
				GCC_WARN_UNUSED_VARIABLE = YES;
				IPHONEOS_DEPLOYMENT_TARGET = 12.1;
				MTL_ENABLE_DEBUG_INFO = INCLUDE_SOURCE;
				MTL_FAST_MATH = YES;
				ONLY_ACTIVE_ARCH = YES;
				SDKROOT = iphoneos;
				VALID_ARCHS = "arm64 arm64e armv7";
			};
			name = Debug;
		};
		EB5EC35F21B8FDCB0078A6AF /* Release */ = {
			isa = XCBuildConfiguration;
			buildSettings = {
				ALWAYS_EMBED_SWIFT_STANDARD_LIBRARIES = YES;
				ALWAYS_SEARCH_USER_PATHS = NO;
				CLANG_ANALYZER_NONNULL = YES;
				CLANG_ANALYZER_NUMBER_OBJECT_CONVERSION = YES_AGGRESSIVE;
				CLANG_CXX_LANGUAGE_STANDARD = "gnu++14";
				CLANG_CXX_LIBRARY = "libc++";
				CLANG_ENABLE_MODULES = YES;
				CLANG_ENABLE_OBJC_ARC = YES;
				CLANG_ENABLE_OBJC_WEAK = YES;
				CLANG_WARN_BLOCK_CAPTURE_AUTORELEASING = YES;
				CLANG_WARN_BOOL_CONVERSION = YES;
				CLANG_WARN_COMMA = YES;
				CLANG_WARN_CONSTANT_CONVERSION = YES;
				CLANG_WARN_DEPRECATED_OBJC_IMPLEMENTATIONS = YES;
				CLANG_WARN_DIRECT_OBJC_ISA_USAGE = YES_ERROR;
				CLANG_WARN_DOCUMENTATION_COMMENTS = YES;
				CLANG_WARN_EMPTY_BODY = YES;
				CLANG_WARN_ENUM_CONVERSION = YES;
				CLANG_WARN_INFINITE_RECURSION = YES;
				CLANG_WARN_INT_CONVERSION = YES;
				CLANG_WARN_NON_LITERAL_NULL_CONVERSION = YES;
				CLANG_WARN_OBJC_IMPLICIT_RETAIN_SELF = YES;
				CLANG_WARN_OBJC_LITERAL_CONVERSION = YES;
				CLANG_WARN_OBJC_ROOT_CLASS = YES_ERROR;
				CLANG_WARN_RANGE_LOOP_ANALYSIS = YES;
				CLANG_WARN_STRICT_PROTOTYPES = YES;
				CLANG_WARN_SUSPICIOUS_MOVE = YES;
				CLANG_WARN_UNGUARDED_AVAILABILITY = YES_AGGRESSIVE;
				CLANG_WARN_UNREACHABLE_CODE = YES;
				CLANG_WARN__DUPLICATE_METHOD_MATCH = YES;
				CODE_SIGN_IDENTITY = "iPhone Developer";
				COPY_PHASE_STRIP = NO;
				DEBUG_INFORMATION_FORMAT = "dwarf-with-dsym";
				ENABLE_BITCODE = NO;
				ENABLE_NS_ASSERTIONS = NO;
				ENABLE_STRICT_OBJC_MSGSEND = YES;
				GCC_C_LANGUAGE_STANDARD = gnu11;
				GCC_NO_COMMON_BLOCKS = YES;
				GCC_WARN_64_TO_32_BIT_CONVERSION = YES;
				GCC_WARN_ABOUT_RETURN_TYPE = YES_ERROR;
				GCC_WARN_UNDECLARED_SELECTOR = YES;
				GCC_WARN_UNINITIALIZED_AUTOS = YES_AGGRESSIVE;
				GCC_WARN_UNUSED_FUNCTION = YES;
				GCC_WARN_UNUSED_VARIABLE = YES;
				IPHONEOS_DEPLOYMENT_TARGET = 12.1;
				MTL_ENABLE_DEBUG_INFO = NO;
				MTL_FAST_MATH = YES;
				SDKROOT = iphoneos;
				VALIDATE_PRODUCT = YES;
				VALID_ARCHS = "arm64 arm64e armv7";
			};
			name = Release;
		};
		EB5EC36121B8FDCB0078A6AF /* Debug */ = {
			isa = XCBuildConfiguration;
			baseConfigurationReference = 216907DA3ACFCEF977D9EC34 /* Pods-AccountingAPP.debug.xcconfig */;
			buildSettings = {
				ALWAYS_EMBED_SWIFT_STANDARD_LIBRARIES = YES;
				ASSETCATALOG_COMPILER_APPICON_NAME = AppIcon;
				CODE_SIGN_STYLE = Automatic;
				DEVELOPMENT_TEAM = ACX3M6X8Z7;
				GCC_INPUT_FILETYPE = automatic;
				GCC_NO_COMMON_BLOCKS = NO;
				GCC_PREFIX_HEADER = PrefixHeader.pch;
				INFOPLIST_FILE = AccountingAPP/Info.plist;
				IPHONEOS_DEPLOYMENT_TARGET = 11.0;
				LD_RUNPATH_SEARCH_PATHS = (
					"$(inherited)",
					"@executable_path/Frameworks",
				);
				ONLY_ACTIVE_ARCH = NO;
				PRODUCT_BUNDLE_IDENTIFIER = order.AccountingAPP;
				PRODUCT_NAME = "$(TARGET_NAME)";
				TARGETED_DEVICE_FAMILY = "1,2";
				VALID_ARCHS = "arm64 arm64e armv7";
			};
			name = Debug;
		};
		EB5EC36221B8FDCB0078A6AF /* Release */ = {
			isa = XCBuildConfiguration;
			baseConfigurationReference = C7919FAF3F5119A43B6F1DB8 /* Pods-AccountingAPP.release.xcconfig */;
			buildSettings = {
				ALWAYS_EMBED_SWIFT_STANDARD_LIBRARIES = YES;
				ASSETCATALOG_COMPILER_APPICON_NAME = AppIcon;
				CODE_SIGN_STYLE = Automatic;
				DEVELOPMENT_TEAM = ACX3M6X8Z7;
				GCC_INPUT_FILETYPE = automatic;
				GCC_NO_COMMON_BLOCKS = NO;
				GCC_PREFIX_HEADER = PrefixHeader.pch;
				INFOPLIST_FILE = AccountingAPP/Info.plist;
				IPHONEOS_DEPLOYMENT_TARGET = 11.0;
				LD_RUNPATH_SEARCH_PATHS = (
					"$(inherited)",
					"@executable_path/Frameworks",
				);
				ONLY_ACTIVE_ARCH = NO;
				PRODUCT_BUNDLE_IDENTIFIER = order.AccountingAPP;
				PRODUCT_NAME = "$(TARGET_NAME)";
				TARGETED_DEVICE_FAMILY = "1,2";
				VALID_ARCHS = "arm64 arm64e armv7";
			};
			name = Release;
		};
/* End XCBuildConfiguration section */

/* Begin XCConfigurationList section */
		EB5EC34521B8FDC50078A6AF /* Build configuration list for PBXProject "AccountingAPP" */ = {
			isa = XCConfigurationList;
			buildConfigurations = (
				EB5EC35E21B8FDCB0078A6AF /* Debug */,
				EB5EC35F21B8FDCB0078A6AF /* Release */,
			);
			defaultConfigurationIsVisible = 0;
			defaultConfigurationName = Release;
		};
		EB5EC36021B8FDCB0078A6AF /* Build configuration list for PBXNativeTarget "AccountingAPP" */ = {
			isa = XCConfigurationList;
			buildConfigurations = (
				EB5EC36121B8FDCB0078A6AF /* Debug */,
				EB5EC36221B8FDCB0078A6AF /* Release */,
			);
			defaultConfigurationIsVisible = 0;
			defaultConfigurationName = Release;
		};
/* End XCConfigurationList section */
	};
	rootObject = EB5EC34221B8FDC50078A6AF /* Project object */;
}
